
Microsoft Visual Studio Solution File, Format Version 12.00
# Visual Studio Version 17
VisualStudioVersion = 17.5.33530.505
MinimumVisualStudioVersion = 10.0.40219.1
Project("{FAE04EC0-301F-11D3-BF4B-00C04F79EFBC}") = "Xml", "Xml\Xml.csproj", "{D2B9152D-F524-4B94-93AD-E93106AFE418}"
EndProject
Global
	GlobalSection(SolutionConfigurationPlatforms) = preSolution
		Debug|Any CPU = Debug|Any CPU
		Release|Any CPU = Release|Any CPU
	EndGlobalSection
	GlobalSection(ProjectConfigurationPlatforms) = postSolution
		{D2B9152D-F524-4B94-93AD-E93106AFE418}.Debug|Any CPU.ActiveCfg = Debug|Any CPU
		{D2B9152D-F524-4B94-93AD-E93106AFE418}.Debug|Any CPU.Build.0 = Debug|Any CPU
		{D2B9152D-F524-4B94-93AD-E93106AFE418}.Release|Any CPU.ActiveCfg = Release|Any CPU
		{D2B9152D-F524-4B94-93AD-E93106AFE418}.Release|Any CPU.Build.0 = Release|Any CPU
	EndGlobalSection
	GlobalSection(SolutionProperties) = preSolution
		HideSolutionNode = FALSE
	EndGlobalSection
	GlobalSection(ExtensibilityGlobals) = postSolution
		SolutionGuid = {F49467D4-63A3-4BB5-855B-D6CBB51FE6D1}
	EndGlobalSection
EndGlobal
